
Microsoft Visual Studio Solution File, Format Version 12.00
# Visual Studio Version 16
VisualStudioVersion = 16.0.32106.194
MinimumVisualStudioVersion = 10.0.40219.1
Project("{FAE04EC0-301F-11D3-BF4B-00C04F79EFBC}") = "CoffeShopIL", "ShoppingCartMVC\CoffeShopIL.csproj", "{3EEB6C01-E68C-42D4-BA08-0775B1A136C0}"
EndProject
Global
	GlobalSection(SolutionConfigurationPlatforms) = preSolution
		Debug|Any CPU = Debug|Any CPU
		Release|Any CPU = Release|Any CPU
	EndGlobalSection
	GlobalSection(ProjectConfigurationPlatforms) = postSolution
		{3EEB6C01-E68C-42D4-BA08-0775B1A136C0}.Debug|Any CPU.ActiveCfg = Debug|Any CPU
		{3EEB6C01-E68C-42D4-BA08-0775B1A136C0}.Debug|Any CPU.Build.0 = Debug|Any CPU
		{3EEB6C01-E68C-42D4-BA08-0775B1A136C0}.Release|Any CPU.ActiveCfg = Release|Any CPU
		{3EEB6C01-E68C-42D4-BA08-0775B1A136C0}.Release|Any CPU.Build.0 = Release|Any CPU
	EndGlobalSection
	GlobalSection(SolutionProperties) = preSolution
		HideSolutionNode = FALSE
	EndGlobalSection
	GlobalSection(ExtensibilityGlobals) = postSolution
		SolutionGuid = {4597F61D-0A37-41DF-8B8C-4BA73411124E}
	EndGlobalSection
EndGlobal
